
Microsoft Visual Studio Solution File, Format Version 12.00
# Visual Studio Version 17
VisualStudioVersion = 17.0.31903.59
MinimumVisualStudioVersion = 10.0.40219.1
Project("{FAE04EC0-301F-11D3-BF4B-00C04F79EFBC}") = "aula2", "aula2\aula2.csproj", "{D6376A1C-940A-495C-9770-E362BAB8B5C1}"
EndProject
Project("{FAE04EC0-301F-11D3-BF4B-00C04F79EFBC}") = "aula2b", "aula2b\aula2b.csproj", "{75021DBB-63F8-403E-8219-13E305306F0A}"
EndProject
Global
	GlobalSection(SolutionConfigurationPlatforms) = preSolution
		Debug|Any CPU = Debug|Any CPU
		Release|Any CPU = Release|Any CPU
	EndGlobalSection
	GlobalSection(SolutionProperties) = preSolution
		HideSolutionNode = FALSE
	EndGlobalSection
	GlobalSection(ProjectConfigurationPlatforms) = postSolution
		{D6376A1C-940A-495C-9770-E362BAB8B5C1}.Debug|Any CPU.ActiveCfg = Debug|Any CPU
		{D6376A1C-940A-495C-9770-E362BAB8B5C1}.Debug|Any CPU.Build.0 = Debug|Any CPU
		{D6376A1C-940A-495C-9770-E362BAB8B5C1}.Release|Any CPU.ActiveCfg = Release|Any CPU
		{D6376A1C-940A-495C-9770-E362BAB8B5C1}.Release|Any CPU.Build.0 = Release|Any CPU
		{75021DBB-63F8-403E-8219-13E305306F0A}.Debug|Any CPU.ActiveCfg = Debug|Any CPU
		{75021DBB-63F8-403E-8219-13E305306F0A}.Debug|Any CPU.Build.0 = Debug|Any CPU
		{75021DBB-63F8-403E-8219-13E305306F0A}.Release|Any CPU.ActiveCfg = Release|Any CPU
		{75021DBB-63F8-403E-8219-13E305306F0A}.Release|Any CPU.Build.0 = Release|Any CPU
	EndGlobalSection
EndGlobal
